
Microsoft Visual Studio Solution File, Format Version 12.00
# Visual Studio Version 17
VisualStudioVersion = 17.14.36310.24 d17.14
MinimumVisualStudioVersion = 10.0.40219.1
Project("{FAE04EC0-301F-11D3-BF4B-00C04F79EFBC}") = "PolymorphismAssignment", "PolymorphismAssignment\PolymorphismAssignment.csproj", "{73F7D2BC-8257-4693-9AA5-4FF8858351AA}"
EndProject
Global
	GlobalSection(SolutionConfigurationPlatforms) = preSolution
		Debug|Any CPU = Debug|Any CPU
		Release|Any CPU = Release|Any CPU
	EndGlobalSection
	GlobalSection(ProjectConfigurationPlatforms) = postSolution
		{73F7D2BC-8257-4693-9AA5-4FF8858351AA}.Debug|Any CPU.ActiveCfg = Debug|Any CPU
		{73F7D2BC-8257-4693-9AA5-4FF8858351AA}.Debug|Any CPU.Build.0 = Debug|Any CPU
		{73F7D2BC-8257-4693-9AA5-4FF8858351AA}.Release|Any CPU.ActiveCfg = Release|Any CPU
		{73F7D2BC-8257-4693-9AA5-4FF8858351AA}.Release|Any CPU.Build.0 = Release|Any CPU
	EndGlobalSection
	GlobalSection(SolutionProperties) = preSolution
		HideSolutionNode = FALSE
	EndGlobalSection
	GlobalSection(ExtensibilityGlobals) = postSolution
		SolutionGuid = {85BFC85D-B864-494E-BE1A-63B383DE16E5}
	EndGlobalSection
EndGlobal
